
Microsoft Visual Studio Solution File, Format Version 12.00
# Visual Studio Version 17
VisualStudioVersion = 17.14.36121.58
MinimumVisualStudioVersion = 10.0.40219.1
Project("{9A19103F-16F7-4668-BE54-9A1E7A4F7556}") = "ParliamentMonitor.DataBaseConnector", "ParliamentMonitor.DataBaseConnector\ParliamentMonitor.DataBaseConnector.csproj", "{DF944A06-345C-4124-A2F5-9FF89A589E43}"
EndProject
Project("{9A19103F-16F7-4668-BE54-9A1E7A4F7556}") = "ParliamentMonitor.Contracts", "ParliamentMonitor.Contracts\ParliamentMonitor.Contracts.csproj", "{0F9BDE9E-2769-46DF-FF1F-47C222BB9C75}"
EndProject
Project("{9A19103F-16F7-4668-BE54-9A1E7A4F7556}") = "ParliamentMonitor.ServiceImplementation", "ParlimentMonitor.ServiceImplementation\ParliamentMonitor.ServiceImplementation.csproj", "{34A8BA9D-20AF-4DB1-9800-4A43C867F484}"
EndProject
Project("{9A19103F-16F7-4668-BE54-9A1E7A4F7556}") = "DataImporter", "DataImporter\DataImporter.csproj", "{84460E86-6BDB-4453-904F-E3FB59EEC692}"
EndProject
Project("{FAE04EC0-301F-11D3-BF4B-00C04F79EFBC}") = "ContinousDemocracyAPI", "ContinousDemocracyAPI\ContinousDemocracyAPI.csproj", "{127C0C28-0F6E-43E6-8F0F-8EEDF629FD2E}"
EndProject
Project("{2150E333-8FDC-42A3-9474-1A3956D46DE8}") = "Solution Items", "Solution Items", "{8EC462FD-D22E-90A8-E5CE-7E832BA40C5D}"
	ProjectSection(SolutionItems) = preProject
		Dockerfile = Dockerfile
	EndProjectSection
EndProject
Project("{9A19103F-16F7-4668-BE54-9A1E7A4F7556}") = "ParliamentMonitor.Tests", "ParliamentMonitor.Tests\ParliamentMonitor.Tests.csproj", "{8B94E0A0-9BB9-4085-BCD1-EF8B9B223148}"
EndProject
Global
	GlobalSection(SolutionConfigurationPlatforms) = preSolution
		Debug|Any CPU = Debug|Any CPU
		Release|Any CPU = Release|Any CPU
	EndGlobalSection
	GlobalSection(ProjectConfigurationPlatforms) = postSolution
		{DF944A06-345C-4124-A2F5-9FF89A589E43}.Debug|Any CPU.ActiveCfg = Debug|Any CPU
		{DF944A06-345C-4124-A2F5-9FF89A589E43}.Debug|Any CPU.Build.0 = Debug|Any CPU
		{DF944A06-345C-4124-A2F5-9FF89A589E43}.Release|Any CPU.ActiveCfg = Release|Any CPU
		{DF944A06-345C-4124-A2F5-9FF89A589E43}.Release|Any CPU.Build.0 = Release|Any CPU
		{0F9BDE9E-2769-46DF-FF1F-47C222BB9C75}.Debug|Any CPU.ActiveCfg = Debug|Any CPU
		{0F9BDE9E-2769-46DF-FF1F-47C222BB9C75}.Debug|Any CPU.Build.0 = Debug|Any CPU
		{0F9BDE9E-2769-46DF-FF1F-47C222BB9C75}.Release|Any CPU.ActiveCfg = Release|Any CPU
		{0F9BDE9E-2769-46DF-FF1F-47C222BB9C75}.Release|Any CPU.Build.0 = Release|Any CPU
		{34A8BA9D-20AF-4DB1-9800-4A43C867F484}.Debug|Any CPU.ActiveCfg = Debug|Any CPU
		{34A8BA9D-20AF-4DB1-9800-4A43C867F484}.Debug|Any CPU.Build.0 = Debug|Any CPU
		{34A8BA9D-20AF-4DB1-9800-4A43C867F484}.Release|Any CPU.ActiveCfg = Release|Any CPU
		{34A8BA9D-20AF-4DB1-9800-4A43C867F484}.Release|Any CPU.Build.0 = Release|Any CPU
		{84460E86-6BDB-4453-904F-E3FB59EEC692}.Debug|Any CPU.ActiveCfg = Debug|Any CPU
		{84460E86-6BDB-4453-904F-E3FB59EEC692}.Debug|Any CPU.Build.0 = Debug|Any CPU
		{84460E86-6BDB-4453-904F-E3FB59EEC692}.Release|Any CPU.ActiveCfg = Release|Any CPU
		{84460E86-6BDB-4453-904F-E3FB59EEC692}.Release|Any CPU.Build.0 = Release|Any CPU
		{127C0C28-0F6E-43E6-8F0F-8EEDF629FD2E}.Debug|Any CPU.ActiveCfg = Debug|Any CPU
		{127C0C28-0F6E-43E6-8F0F-8EEDF629FD2E}.Debug|Any CPU.Build.0 = Debug|Any CPU
		{127C0C28-0F6E-43E6-8F0F-8EEDF629FD2E}.Release|Any CPU.ActiveCfg = Release|Any CPU
		{127C0C28-0F6E-43E6-8F0F-8EEDF629FD2E}.Release|Any CPU.Build.0 = Release|Any CPU
		{8B94E0A0-9BB9-4085-BCD1-EF8B9B223148}.Debug|Any CPU.ActiveCfg = Debug|Any CPU
		{8B94E0A0-9BB9-4085-BCD1-EF8B9B223148}.Debug|Any CPU.Build.0 = Debug|Any CPU
		{8B94E0A0-9BB9-4085-BCD1-EF8B9B223148}.Release|Any CPU.ActiveCfg = Release|Any CPU
		{8B94E0A0-9BB9-4085-BCD1-EF8B9B223148}.Release|Any CPU.Build.0 = Release|Any CPU
	EndGlobalSection
	GlobalSection(SolutionProperties) = preSolution
		HideSolutionNode = FALSE
	EndGlobalSection
	GlobalSection(ExtensibilityGlobals) = postSolution
		SolutionGuid = {DCCF58CD-BAD3-48F2-8904-0714CBBC9963}
	EndGlobalSection
EndGlobal
