
Microsoft Visual Studio Solution File, Format Version 12.00
# Visual Studio Version 17
VisualStudioVersion = 17.14.36121.58
MinimumVisualStudioVersion = 10.0.40219.1
Project("{9A19103F-16F7-4668-BE54-9A1E7A4F7556}") = "ParliamentMonitor", "ParliamentMonitor\ParliamentMonitor.csproj", "{45525013-701E-4B61-A773-9A8ADDC06EDB}"
EndProject
Project("{9A19103F-16F7-4668-BE54-9A1E7A4F7556}") = "ParliamentMonitor.Tests", "arliamentMonitor.Tests\ParliamentMonitor.Tests.csproj", "{43205237-249C-46F4-9EEA-03C8F1AAB57A}"
EndProject
Project("{9A19103F-16F7-4668-BE54-9A1E7A4F7556}") = "ParliamentMonitor.DataBaseConnector", "ParliamentMonitor.DataBaseConnector\ParliamentMonitor.DataBaseConnector.csproj", "{DF944A06-345C-4124-A2F5-9FF89A589E43}"
EndProject
Project("{9A19103F-16F7-4668-BE54-9A1E7A4F7556}") = "ParliamentMonitor.Contracts", "ParliamentMonitor.Contracts\ParliamentMonitor.Contracts.csproj", "{0F9BDE9E-2769-46DF-FF1F-47C222BB9C75}"
EndProject
Project("{9A19103F-16F7-4668-BE54-9A1E7A4F7556}") = "ParliamentMonitor.RomaniaWebScrapperServices", "ParliamentMonitor.RomaniaWebScrapperServices\ParliamentMonitor.RomaniaWebScrapperServices.csproj", "{46F8F899-4800-4327-919B-5E3150008E05}"
EndProject
Project("{FAE04EC0-301F-11D3-BF4B-00C04F79EFBC}") = "ParlimentMonitor.ServiceImplementation", "ParlimentMonitor.ServiceImplementation\ParlimentMonitor.ServiceImplementation.csproj", "{34A8BA9D-20AF-4DB1-9800-4A43C867F484}"
EndProject
Project("{FAE04EC0-301F-11D3-BF4B-00C04F79EFBC}") = "DataImporter", "DataImporter\DataImporter.csproj", "{84460E86-6BDB-4453-904F-E3FB59EEC692}"
EndProject
Global
	GlobalSection(SolutionConfigurationPlatforms) = preSolution
		Debug|Any CPU = Debug|Any CPU
		Release|Any CPU = Release|Any CPU
	EndGlobalSection
	GlobalSection(ProjectConfigurationPlatforms) = postSolution
		{45525013-701E-4B61-A773-9A8ADDC06EDB}.Debug|Any CPU.ActiveCfg = Debug|Any CPU
		{45525013-701E-4B61-A773-9A8ADDC06EDB}.Debug|Any CPU.Build.0 = Debug|Any CPU
		{45525013-701E-4B61-A773-9A8ADDC06EDB}.Release|Any CPU.ActiveCfg = Release|Any CPU
		{45525013-701E-4B61-A773-9A8ADDC06EDB}.Release|Any CPU.Build.0 = Release|Any CPU
		{43205237-249C-46F4-9EEA-03C8F1AAB57A}.Debug|Any CPU.ActiveCfg = Debug|Any CPU
		{43205237-249C-46F4-9EEA-03C8F1AAB57A}.Debug|Any CPU.Build.0 = Debug|Any CPU
		{43205237-249C-46F4-9EEA-03C8F1AAB57A}.Release|Any CPU.ActiveCfg = Release|Any CPU
		{43205237-249C-46F4-9EEA-03C8F1AAB57A}.Release|Any CPU.Build.0 = Release|Any CPU
		{DF944A06-345C-4124-A2F5-9FF89A589E43}.Debug|Any CPU.ActiveCfg = Debug|Any CPU
		{DF944A06-345C-4124-A2F5-9FF89A589E43}.Debug|Any CPU.Build.0 = Debug|Any CPU
		{DF944A06-345C-4124-A2F5-9FF89A589E43}.Release|Any CPU.ActiveCfg = Release|Any CPU
		{DF944A06-345C-4124-A2F5-9FF89A589E43}.Release|Any CPU.Build.0 = Release|Any CPU
		{0F9BDE9E-2769-46DF-FF1F-47C222BB9C75}.Debug|Any CPU.ActiveCfg = Debug|Any CPU
		{0F9BDE9E-2769-46DF-FF1F-47C222BB9C75}.Debug|Any CPU.Build.0 = Debug|Any CPU
		{0F9BDE9E-2769-46DF-FF1F-47C222BB9C75}.Release|Any CPU.ActiveCfg = Release|Any CPU
		{0F9BDE9E-2769-46DF-FF1F-47C222BB9C75}.Release|Any CPU.Build.0 = Release|Any CPU
		{46F8F899-4800-4327-919B-5E3150008E05}.Debug|Any CPU.ActiveCfg = Debug|Any CPU
		{46F8F899-4800-4327-919B-5E3150008E05}.Debug|Any CPU.Build.0 = Debug|Any CPU
		{46F8F899-4800-4327-919B-5E3150008E05}.Release|Any CPU.ActiveCfg = Release|Any CPU
		{46F8F899-4800-4327-919B-5E3150008E05}.Release|Any CPU.Build.0 = Release|Any CPU
		{34A8BA9D-20AF-4DB1-9800-4A43C867F484}.Debug|Any CPU.ActiveCfg = Debug|Any CPU
		{34A8BA9D-20AF-4DB1-9800-4A43C867F484}.Debug|Any CPU.Build.0 = Debug|Any CPU
		{34A8BA9D-20AF-4DB1-9800-4A43C867F484}.Release|Any CPU.ActiveCfg = Release|Any CPU
		{34A8BA9D-20AF-4DB1-9800-4A43C867F484}.Release|Any CPU.Build.0 = Release|Any CPU
		{84460E86-6BDB-4453-904F-E3FB59EEC692}.Debug|Any CPU.ActiveCfg = Debug|Any CPU
		{84460E86-6BDB-4453-904F-E3FB59EEC692}.Debug|Any CPU.Build.0 = Debug|Any CPU
		{84460E86-6BDB-4453-904F-E3FB59EEC692}.Release|Any CPU.ActiveCfg = Release|Any CPU
		{84460E86-6BDB-4453-904F-E3FB59EEC692}.Release|Any CPU.Build.0 = Release|Any CPU
	EndGlobalSection
	GlobalSection(SolutionProperties) = preSolution
		HideSolutionNode = FALSE
	EndGlobalSection
	GlobalSection(ExtensibilityGlobals) = postSolution
		SolutionGuid = {DCCF58CD-BAD3-48F2-8904-0714CBBC9963}
	EndGlobalSection
EndGlobal
